// !$*UTF8*$!
{
	archiveVersion = 1;
	classes = {
	};
	objectVersion = 50;
	objects = {

/* Begin PBXBuildFile section */
		C9DB87552514E6BE005B8DA5 /* AppDelegate.swift in Sources */ = {isa = PBXBuildFile; fileRef = C9DB87542514E6BE005B8DA5 /* AppDelegate.swift */; };
		C9DB87572514E6BE005B8DA5 /* SceneDelegate.swift in Sources */ = {isa = PBXBuildFile; fileRef = C9DB87562514E6BE005B8DA5 /* SceneDelegate.swift */; };
		C9DB87592514E6BE005B8DA5 /* ViewController.swift in Sources */ = {isa = PBXBuildFile; fileRef = C9DB87582514E6BE005B8DA5 /* ViewController.swift */; };
		C9DB875C2514E6BE005B8DA5 /* Main.storyboard in Resources */ = {isa = PBXBuildFile; fileRef = C9DB875A2514E6BE005B8DA5 /* Main.storyboard */; };
		C9DB875E2514E6F7005B8DA5 /* Assets.xcassets in Resources */ = {isa = PBXBuildFile; fileRef = C9DB875D2514E6F7005B8DA5 /* Assets.xcassets */; };
		C9DB87612514E6F7005B8DA5 /* LaunchScreen.storyboard in Resources */ = {isa = PBXBuildFile; fileRef = C9DB875F2514E6F7005B8DA5 /* LaunchScreen.storyboard */; };
		C9DB876A2514E812005B8DA5 /* Aviao.swift in Sources */ = {isa = PBXBuildFile; fileRef = C9DB87692514E812005B8DA5 /* Aviao.swift */; };
		C9DB876C2514E8A4005B8DA5 /* PessoaFisica.swift in Sources */ = {isa = PBXBuildFile; fileRef = C9DB876B2514E8A4005B8DA5 /* PessoaFisica.swift */; };
		C9DB876E2514E8B9005B8DA5 /* Pessoa.swift in Sources */ = {isa = PBXBuildFile; fileRef = C9DB876D2514E8B9005B8DA5 /* Pessoa.swift */; };
		C9DB87702514E90E005B8DA5 /* PessoaJuridica.swift in Sources */ = {isa = PBXBuildFile; fileRef = C9DB876F2514E90E005B8DA5 /* PessoaJuridica.swift */; };
		C9DB87722514E948005B8DA5 /* Cachorro.swift in Sources */ = {isa = PBXBuildFile; fileRef = C9DB87712514E948005B8DA5 /* Cachorro.swift */; };
		C9DB87742514E988005B8DA5 /* Caneta.swift in Sources */ = {isa = PBXBuildFile; fileRef = C9DB87732514E988005B8DA5 /* Caneta.swift */; };
		C9DB87762514E9F5005B8DA5 /* Pesquisavel.swift in Sources */ = {isa = PBXBuildFile; fileRef = C9DB87752514E9F5005B8DA5 /* Pesquisavel.swift */; };
		C9DB87782514EB01005B8DA5 /* ItensRepositorio.swift in Sources */ = {isa = PBXBuildFile; fileRef = C9DB87772514EB01005B8DA5 /* ItensRepositorio.swift */; };
		C9DB877A2514EF1E005B8DA5 /* Nomeavel.swift in Sources */ = {isa = PBXBuildFile; fileRef = C9DB87792514EF1E005B8DA5 /* Nomeavel.swift */; };
/* End PBXBuildFile section */

/* Begin PBXFileReference section */
		C9DB87512514E6BE005B8DA5 /* Busca.app */ = {isa = PBXFileReference; explicitFileType = wrapper.application; includeInIndex = 0; path = Busca.app; sourceTree = BUILT_PRODUCTS_DIR; };
		C9DB87542514E6BE005B8DA5 /* AppDelegate.swift */ = {isa = PBXFileReference; lastKnownFileType = sourcecode.swift; path = AppDelegate.swift; sourceTree = "<group>"; };
		C9DB87562514E6BE005B8DA5 /* SceneDelegate.swift */ = {isa = PBXFileReference; lastKnownFileType = sourcecode.swift; path = SceneDelegate.swift; sourceTree = "<group>"; };
		C9DB87582514E6BE005B8DA5 /* ViewController.swift */ = {isa = PBXFileReference; lastKnownFileType = sourcecode.swift; path = ViewController.swift; sourceTree = "<group>"; };
		C9DB875B2514E6BE005B8DA5 /* Base */ = {isa = PBXFileReference; lastKnownFileType = file.storyboard; name = Base; path = Base.lproj/Main.storyboard; sourceTree = "<group>"; };
		C9DB875D2514E6F7005B8DA5 /* Assets.xcassets */ = {isa = PBXFileReference; lastKnownFileType = folder.assetcatalog; path = Assets.xcassets; sourceTree = "<group>"; };
		C9DB87602514E6F7005B8DA5 /* Base */ = {isa = PBXFileReference; lastKnownFileType = file.storyboard; name = Base; path = Base.lproj/LaunchScreen.storyboard; sourceTree = "<group>"; };
		C9DB87622514E6F7005B8DA5 /* Info.plist */ = {isa = PBXFileReference; lastKnownFileType = text.plist.xml; path = Info.plist; sourceTree = "<group>"; };
		C9DB87692514E812005B8DA5 /* Aviao.swift */ = {isa = PBXFileReference; lastKnownFileType = sourcecode.swift; path = Aviao.swift; sourceTree = "<group>"; };
		C9DB876B2514E8A4005B8DA5 /* PessoaFisica.swift */ = {isa = PBXFileReference; lastKnownFileType = sourcecode.swift; path = PessoaFisica.swift; sourceTree = "<group>"; };
		C9DB876D2514E8B9005B8DA5 /* Pessoa.swift */ = {isa = PBXFileReference; lastKnownFileType = sourcecode.swift; path = Pessoa.swift; sourceTree = "<group>"; };
		C9DB876F2514E90E005B8DA5 /* PessoaJuridica.swift */ = {isa = PBXFileReference; lastKnownFileType = sourcecode.swift; path = PessoaJuridica.swift; sourceTree = "<group>"; };
		C9DB87712514E948005B8DA5 /* Cachorro.swift */ = {isa = PBXFileReference; lastKnownFileType = sourcecode.swift; path = Cachorro.swift; sourceTree = "<group>"; };
		C9DB87732514E988005B8DA5 /* Caneta.swift */ = {isa = PBXFileReference; lastKnownFileType = sourcecode.swift; path = Caneta.swift; sourceTree = "<group>"; };
		C9DB87752514E9F5005B8DA5 /* Pesquisavel.swift */ = {isa = PBXFileReference; lastKnownFileType = sourcecode.swift; path = Pesquisavel.swift; sourceTree = "<group>"; };
		C9DB87772514EB01005B8DA5 /* ItensRepositorio.swift */ = {isa = PBXFileReference; lastKnownFileType = sourcecode.swift; path = ItensRepositorio.swift; sourceTree = "<group>"; };
		C9DB87792514EF1E005B8DA5 /* Nomeavel.swift */ = {isa = PBXFileReference; lastKnownFileType = sourcecode.swift; path = Nomeavel.swift; sourceTree = "<group>"; };
/* End PBXFileReference section */

/* Begin PBXFrameworksBuildPhase section */
		C9DB874E2514E6BE005B8DA5 /* Frameworks */ = {
			isa = PBXFrameworksBuildPhase;
			buildActionMask = 2147483647;
			files = (
			);
			runOnlyForDeploymentPostprocessing = 0;
		};
/* End PBXFrameworksBuildPhase section */

/* Begin PBXGroup section */
		C9DB87482514E6BD005B8DA5 = {
			isa = PBXGroup;
			children = (
				C9DB87532514E6BE005B8DA5 /* Busca */,
				C9DB87522514E6BE005B8DA5 /* Products */,
			);
			sourceTree = "<group>";
		};
		C9DB87522514E6BE005B8DA5 /* Products */ = {
			isa = PBXGroup;
			children = (
				C9DB87512514E6BE005B8DA5 /* Busca.app */,
			);
			name = Products;
			sourceTree = "<group>";
		};
		C9DB87532514E6BE005B8DA5 /* Busca */ = {
			isa = PBXGroup;
			children = (
				C9DB877B2514F0EA005B8DA5 /* Extensions */,
				C9DB87682514E7BD005B8DA5 /* Domain */,
				C9DB87542514E6BE005B8DA5 /* AppDelegate.swift */,
				C9DB87562514E6BE005B8DA5 /* SceneDelegate.swift */,
				C9DB87582514E6BE005B8DA5 /* ViewController.swift */,
				C9DB875A2514E6BE005B8DA5 /* Main.storyboard */,
				C9DB875D2514E6F7005B8DA5 /* Assets.xcassets */,
				C9DB875F2514E6F7005B8DA5 /* LaunchScreen.storyboard */,
				C9DB87622514E6F7005B8DA5 /* Info.plist */,
			);
			path = Busca;
			sourceTree = "<group>";
		};
		C9DB87682514E7BD005B8DA5 /* Domain */ = {
			isa = PBXGroup;
			children = (
				C9DB87692514E812005B8DA5 /* Aviao.swift */,
				C9DB876B2514E8A4005B8DA5 /* PessoaFisica.swift */,
				C9DB876D2514E8B9005B8DA5 /* Pessoa.swift */,
				C9DB876F2514E90E005B8DA5 /* PessoaJuridica.swift */,
				C9DB87712514E948005B8DA5 /* Cachorro.swift */,
				C9DB87732514E988005B8DA5 /* Caneta.swift */,
				C9DB87772514EB01005B8DA5 /* ItensRepositorio.swift */,
			);
			path = Domain;
			sourceTree = "<group>";
		};
		C9DB877B2514F0EA005B8DA5 /* Extensions */ = {
			isa = PBXGroup;
			children = (
				C9DB87792514EF1E005B8DA5 /* Nomeavel.swift */,
				C9DB87752514E9F5005B8DA5 /* Pesquisavel.swift */,
			);
			path = Extensions;
			sourceTree = "<group>";
		};
/* End PBXGroup section */

/* Begin PBXNativeTarget section */
		C9DB87502514E6BE005B8DA5 /* Busca */ = {
			isa = PBXNativeTarget;
			buildConfigurationList = C9DB87652514E6F7005B8DA5 /* Build configuration list for PBXNativeTarget "Busca" */;
			buildPhases = (
				C9DB874D2514E6BE005B8DA5 /* Sources */,
				C9DB874E2514E6BE005B8DA5 /* Frameworks */,
				C9DB874F2514E6BE005B8DA5 /* Resources */,
			);
			buildRules = (
			);
			dependencies = (
			);
			name = Busca;
			productName = Busca;
			productReference = C9DB87512514E6BE005B8DA5 /* Busca.app */;
			productType = "com.apple.product-type.application";
		};
/* End PBXNativeTarget section */

/* Begin PBXProject section */
		C9DB87492514E6BD005B8DA5 /* Project object */ = {
			isa = PBXProject;
			attributes = {
				LastSwiftUpdateCheck = 1130;
				LastUpgradeCheck = 1130;
				ORGANIZATIONNAME = "Marivaldo Sena";
				TargetAttributes = {
					C9DB87502514E6BE005B8DA5 = {
						CreatedOnToolsVersion = 11.3.1;
					};
				};
			};
			buildConfigurationList = C9DB874C2514E6BD005B8DA5 /* Build configuration list for PBXProject "Busca" */;
			compatibilityVersion = "Xcode 9.3";
			developmentRegion = en;
			hasScannedForEncodings = 0;
			knownRegions = (
				en,
				Base,
			);
			mainGroup = C9DB87482514E6BD005B8DA5;
			productRefGroup = C9DB87522514E6BE005B8DA5 /* Products */;
			projectDirPath = "";
			projectRoot = "";
			targets = (
				C9DB87502514E6BE005B8DA5 /* Busca */,
			);
		};
/* End PBXProject section */

/* Begin PBXResourcesBuildPhase section */
		C9DB874F2514E6BE005B8DA5 /* Resources */ = {
			isa = PBXResourcesBuildPhase;
			buildActionMask = 2147483647;
			files = (
				C9DB87612514E6F7005B8DA5 /* LaunchScreen.storyboard in Resources */,
				C9DB875E2514E6F7005B8DA5 /* Assets.xcassets in Resources */,
				C9DB875C2514E6BE005B8DA5 /* Main.storyboard in Resources */,
			);
			runOnlyForDeploymentPostprocessing = 0;
		};
/* End PBXResourcesBuildPhase section */

/* Begin PBXSourcesBuildPhase section */
		C9DB874D2514E6BE005B8DA5 /* Sources */ = {
			isa = PBXSourcesBuildPhase;
			buildActionMask = 2147483647;
			files = (
				C9DB87592514E6BE005B8DA5 /* ViewController.swift in Sources */,
				C9DB876C2514E8A4005B8DA5 /* PessoaFisica.swift in Sources */,
				C9DB87762514E9F5005B8DA5 /* Pesquisavel.swift in Sources */,
				C9DB87722514E948005B8DA5 /* Cachorro.swift in Sources */,
				C9DB87552514E6BE005B8DA5 /* AppDelegate.swift in Sources */,
				C9DB87782514EB01005B8DA5 /* ItensRepositorio.swift in Sources */,
				C9DB876A2514E812005B8DA5 /* Aviao.swift in Sources */,
				C9DB87702514E90E005B8DA5 /* PessoaJuridica.swift in Sources */,
				C9DB877A2514EF1E005B8DA5 /* Nomeavel.swift in Sources */,
				C9DB87742514E988005B8DA5 /* Caneta.swift in Sources */,
				C9DB876E2514E8B9005B8DA5 /* Pessoa.swift in Sources */,
				C9DB87572514E6BE005B8DA5 /* SceneDelegate.swift in Sources */,
			);
			runOnlyForDeploymentPostprocessing = 0;
		};
/* End PBXSourcesBuildPhase section */

/* Begin PBXVariantGroup section */
		C9DB875A2514E6BE005B8DA5 /* Main.storyboard */ = {
			isa = PBXVariantGroup;
			children = (
				C9DB875B2514E6BE005B8DA5 /* Base */,
			);
			name = Main.storyboard;
			sourceTree = "<group>";
		};
		C9DB875F2514E6F7005B8DA5 /* LaunchScreen.storyboard */ = {
			isa = PBXVariantGroup;
			children = (
				C9DB87602514E6F7005B8DA5 /* Base */,
			);
			name = LaunchScreen.storyboard;
			sourceTree = "<group>";
		};
/* End PBXVariantGroup section */

/* Begin XCBuildConfiguration section */
		C9DB87632514E6F7005B8DA5 /* Debug */ = {
			isa = XCBuildConfiguration;
			buildSettings = {
				ALWAYS_SEARCH_USER_PATHS = NO;
				CLANG_ANALYZER_NONNULL = YES;
				CLANG_ANALYZER_NUMBER_OBJECT_CONVERSION = YES_AGGRESSIVE;
				CLANG_CXX_LANGUAGE_STANDARD = "gnu++14";
				CLANG_CXX_LIBRARY = "libc++";
				CLANG_ENABLE_MODULES = YES;
				CLANG_ENABLE_OBJC_ARC = YES;
				CLANG_ENABLE_OBJC_WEAK = YES;
				CLANG_WARN_BLOCK_CAPTURE_AUTORELEASING = YES;
				CLANG_WARN_BOOL_CONVERSION = YES;
				CLANG_WARN_COMMA = YES;
				CLANG_WARN_CONSTANT_CONVERSION = YES;
				CLANG_WARN_DEPRECATED_OBJC_IMPLEMENTATIONS = YES;
				CLANG_WARN_DIRECT_OBJC_ISA_USAGE = YES_ERROR;
				CLANG_WARN_DOCUMENTATION_COMMENTS = YES;
				CLANG_WARN_EMPTY_BODY = YES;
				CLANG_WARN_ENUM_CONVERSION = YES;
				CLANG_WARN_INFINITE_RECURSION = YES;
				CLANG_WARN_INT_CONVERSION = YES;
				CLANG_WARN_NON_LITERAL_NULL_CONVERSION = YES;
				CLANG_WARN_OBJC_IMPLICIT_RETAIN_SELF = YES;
				CLANG_WARN_OBJC_LITERAL_CONVERSION = YES;
				CLANG_WARN_OBJC_ROOT_CLASS = YES_ERROR;
				CLANG_WARN_RANGE_LOOP_ANALYSIS = YES;
				CLANG_WARN_STRICT_PROTOTYPES = YES;
				CLANG_WARN_SUSPICIOUS_MOVE = YES;
				CLANG_WARN_UNGUARDED_AVAILABILITY = YES_AGGRESSIVE;
				CLANG_WARN_UNREACHABLE_CODE = YES;
				CLANG_WARN__DUPLICATE_METHOD_MATCH = YES;
				COPY_PHASE_STRIP = NO;
				DEBUG_INFORMATION_FORMAT = dwarf;
				ENABLE_STRICT_OBJC_MSGSEND = YES;
				ENABLE_TESTABILITY = YES;
				GCC_C_LANGUAGE_STANDARD = gnu11;
				GCC_DYNAMIC_NO_PIC = NO;
				GCC_NO_COMMON_BLOCKS = YES;
				GCC_OPTIMIZATION_LEVEL = 0;
				GCC_PREPROCESSOR_DEFINITIONS = (
					"DEBUG=1",
					"$(inherited)",
				);
				GCC_WARN_64_TO_32_BIT_CONVERSION = YES;
				GCC_WARN_ABOUT_RETURN_TYPE = YES_ERROR;
				GCC_WARN_UNDECLARED_SELECTOR = YES;
				GCC_WARN_UNINITIALIZED_AUTOS = YES_AGGRESSIVE;
				GCC_WARN_UNUSED_FUNCTION = YES;
				GCC_WARN_UNUSED_VARIABLE = YES;
				IPHONEOS_DEPLOYMENT_TARGET = 13.2;
				MTL_ENABLE_DEBUG_INFO = INCLUDE_SOURCE;
				MTL_FAST_MATH = YES;
				ONLY_ACTIVE_ARCH = YES;
				SDKROOT = iphoneos;
				SWIFT_ACTIVE_COMPILATION_CONDITIONS = DEBUG;
				SWIFT_OPTIMIZATION_LEVEL = "-Onone";
			};
			name = Debug;
		};
		C9DB87642514E6F7005B8DA5 /* Release */ = {
			isa = XCBuildConfiguration;
			buildSettings = {
				ALWAYS_SEARCH_USER_PATHS = NO;
				CLANG_ANALYZER_NONNULL = YES;
				CLANG_ANALYZER_NUMBER_OBJECT_CONVERSION = YES_AGGRESSIVE;
				CLANG_CXX_LANGUAGE_STANDARD = "gnu++14";
				CLANG_CXX_LIBRARY = "libc++";
				CLANG_ENABLE_MODULES = YES;
				CLANG_ENABLE_OBJC_ARC = YES;
				CLANG_ENABLE_OBJC_WEAK = YES;
				CLANG_WARN_BLOCK_CAPTURE_AUTORELEASING = YES;
				CLANG_WARN_BOOL_CONVERSION = YES;
				CLANG_WARN_COMMA = YES;
				CLANG_WARN_CONSTANT_CONVERSION = YES;
				CLANG_WARN_DEPRECATED_OBJC_IMPLEMENTATIONS = YES;
				CLANG_WARN_DIRECT_OBJC_ISA_USAGE = YES_ERROR;
				CLANG_WARN_DOCUMENTATION_COMMENTS = YES;
				CLANG_WARN_EMPTY_BODY = YES;
				CLANG_WARN_ENUM_CONVERSION = YES;
				CLANG_WARN_INFINITE_RECURSION = YES;
				CLANG_WARN_INT_CONVERSION = YES;
				CLANG_WARN_NON_LITERAL_NULL_CONVERSION = YES;
				CLANG_WARN_OBJC_IMPLICIT_RETAIN_SELF = YES;
				CLANG_WARN_OBJC_LITERAL_CONVERSION = YES;
				CLANG_WARN_OBJC_ROOT_CLASS = YES_ERROR;
				CLANG_WARN_RANGE_LOOP_ANALYSIS = YES;
				CLANG_WARN_STRICT_PROTOTYPES = YES;
				CLANG_WARN_SUSPICIOUS_MOVE = YES;
				CLANG_WARN_UNGUARDED_AVAILABILITY = YES_AGGRESSIVE;
				CLANG_WARN_UNREACHABLE_CODE = YES;
				CLANG_WARN__DUPLICATE_METHOD_MATCH = YES;
				COPY_PHASE_STRIP = NO;
				DEBUG_INFORMATION_FORMAT = "dwarf-with-dsym";
				ENABLE_NS_ASSERTIONS = NO;
				ENABLE_STRICT_OBJC_MSGSEND = YES;
				GCC_C_LANGUAGE_STANDARD = gnu11;
				GCC_NO_COMMON_BLOCKS = YES;
				GCC_WARN_64_TO_32_BIT_CONVERSION = YES;
				GCC_WARN_ABOUT_RETURN_TYPE = YES_ERROR;
				GCC_WARN_UNDECLARED_SELECTOR = YES;
				GCC_WARN_UNINITIALIZED_AUTOS = YES_AGGRESSIVE;
				GCC_WARN_UNUSED_FUNCTION = YES;
				GCC_WARN_UNUSED_VARIABLE = YES;
				IPHONEOS_DEPLOYMENT_TARGET = 13.2;
				MTL_ENABLE_DEBUG_INFO = NO;
				MTL_FAST_MATH = YES;
				SDKROOT = iphoneos;
				SWIFT_COMPILATION_MODE = wholemodule;
				SWIFT_OPTIMIZATION_LEVEL = "-O";
				VALIDATE_PRODUCT = YES;
			};
			name = Release;
		};
		C9DB87662514E6F7005B8DA5 /* Debug */ = {
			isa = XCBuildConfiguration;
			buildSettings = {
				ASSETCATALOG_COMPILER_APPICON_NAME = AppIcon;
				CODE_SIGN_STYLE = Automatic;
				DEVELOPMENT_TEAM = 7N4P82U958;
				INFOPLIST_FILE = Busca/Info.plist;
				LD_RUNPATH_SEARCH_PATHS = (
					"$(inherited)",
					"@executable_path/Frameworks",
				);
				PRODUCT_BUNDLE_IDENTIFIER = com.github.marivaldosena.Busca;
				PRODUCT_NAME = "$(TARGET_NAME)";
				SWIFT_VERSION = 5.0;
				TARGETED_DEVICE_FAMILY = "1,2";
			};
			name = Debug;
		};
		C9DB87672514E6F7005B8DA5 /* Release */ = {
			isa = XCBuildConfiguration;
			buildSettings = {
				ASSETCATALOG_COMPILER_APPICON_NAME = AppIcon;
				CODE_SIGN_STYLE = Automatic;
				DEVELOPMENT_TEAM = 7N4P82U958;
				INFOPLIST_FILE = Busca/Info.plist;
				LD_RUNPATH_SEARCH_PATHS = (
					"$(inherited)",
					"@executable_path/Frameworks",
				);
				PRODUCT_BUNDLE_IDENTIFIER = com.github.marivaldosena.Busca;
				PRODUCT_NAME = "$(TARGET_NAME)";
				SWIFT_VERSION = 5.0;
				TARGETED_DEVICE_FAMILY = "1,2";
			};
			name = Release;
		};
/* End XCBuildConfiguration section */

/* Begin XCConfigurationList section */
		C9DB874C2514E6BD005B8DA5 /* Build configuration list for PBXProject "Busca" */ = {
			isa = XCConfigurationList;
			buildConfigurations = (
				C9DB87632514E6F7005B8DA5 /* Debug */,
				C9DB87642514E6F7005B8DA5 /* Release */,
			);
			defaultConfigurationIsVisible = 0;
			defaultConfigurationName = Release;
		};
		C9DB87652514E6F7005B8DA5 /* Build configuration list for PBXNativeTarget "Busca" */ = {
			isa = XCConfigurationList;
			buildConfigurations = (
				C9DB87662514E6F7005B8DA5 /* Debug */,
				C9DB87672514E6F7005B8DA5 /* Release */,
			);
			defaultConfigurationIsVisible = 0;
			defaultConfigurationName = Release;
		};
/* End XCConfigurationList section */
	};
	rootObject = C9DB87492514E6BD005B8DA5 /* Project object */;
}
